
Microsoft Visual Studio Solution File, Format Version 12.00
# Visual Studio 15
VisualStudioVersion = 15.0.28307.645
MinimumVisualStudioVersion = 10.0.40219.1
Project("{FAE04EC0-301F-11D3-BF4B-00C04F79EFBC}") = "UI", "UI\UI.csproj", "{3B75AEAD-8E3C-4F06-AA6F-AE242A28ED1E}"
EndProject
Project("{FAE04EC0-301F-11D3-BF4B-00C04F79EFBC}") = "BLL", "BLL\BLL.csproj", "{27EEEE05-21E0-47BB-A184-E5DE2A528215}"
EndProject
Project("{FAE04EC0-301F-11D3-BF4B-00C04F79EFBC}") = "DAL", "DAL\DAL.csproj", "{C6806E9C-CDD4-4756-927E-1F9EF0A15174}"
EndProject
Project("{FAE04EC0-301F-11D3-BF4B-00C04F79EFBC}") = "DTO", "DTO\DTO.csproj", "{F8105A05-372F-410F-9F90-DF5C0F879C6D}"
EndProject
Global
	GlobalSection(SolutionConfigurationPlatforms) = preSolution
		Debug|Any CPU = Debug|Any CPU
		Release|Any CPU = Release|Any CPU
	EndGlobalSection
	GlobalSection(ProjectConfigurationPlatforms) = postSolution
		{3B75AEAD-8E3C-4F06-AA6F-AE242A28ED1E}.Debug|Any CPU.ActiveCfg = Debug|Any CPU
		{3B75AEAD-8E3C-4F06-AA6F-AE242A28ED1E}.Debug|Any CPU.Build.0 = Debug|Any CPU
		{3B75AEAD-8E3C-4F06-AA6F-AE242A28ED1E}.Release|Any CPU.ActiveCfg = Release|Any CPU
		{3B75AEAD-8E3C-4F06-AA6F-AE242A28ED1E}.Release|Any CPU.Build.0 = Release|Any CPU
		{27EEEE05-21E0-47BB-A184-E5DE2A528215}.Debug|Any CPU.ActiveCfg = Debug|Any CPU
		{27EEEE05-21E0-47BB-A184-E5DE2A528215}.Debug|Any CPU.Build.0 = Debug|Any CPU
		{27EEEE05-21E0-47BB-A184-E5DE2A528215}.Release|Any CPU.ActiveCfg = Release|Any CPU
		{27EEEE05-21E0-47BB-A184-E5DE2A528215}.Release|Any CPU.Build.0 = Release|Any CPU
		{C6806E9C-CDD4-4756-927E-1F9EF0A15174}.Debug|Any CPU.ActiveCfg = Debug|Any CPU
		{C6806E9C-CDD4-4756-927E-1F9EF0A15174}.Debug|Any CPU.Build.0 = Debug|Any CPU
		{C6806E9C-CDD4-4756-927E-1F9EF0A15174}.Release|Any CPU.ActiveCfg = Release|Any CPU
		{C6806E9C-CDD4-4756-927E-1F9EF0A15174}.Release|Any CPU.Build.0 = Release|Any CPU
		{F8105A05-372F-410F-9F90-DF5C0F879C6D}.Debug|Any CPU.ActiveCfg = Debug|Any CPU
		{F8105A05-372F-410F-9F90-DF5C0F879C6D}.Debug|Any CPU.Build.0 = Debug|Any CPU
		{F8105A05-372F-410F-9F90-DF5C0F879C6D}.Release|Any CPU.ActiveCfg = Release|Any CPU
		{F8105A05-372F-410F-9F90-DF5C0F879C6D}.Release|Any CPU.Build.0 = Release|Any CPU
	EndGlobalSection
	GlobalSection(SolutionProperties) = preSolution
		HideSolutionNode = FALSE
	EndGlobalSection
	GlobalSection(ExtensibilityGlobals) = postSolution
		SolutionGuid = {F364608A-F0FD-40D6-9E93-AD68CCEB0BFE}
	EndGlobalSection
EndGlobal
